
Microsoft Visual Studio Solution File, Format Version 12.00
# Visual Studio Version 17
VisualStudioVersion = 17.0.31903.59
MinimumVisualStudioVersion = 10.0.40219.1
Project("{FAE04EC0-301F-11D3-BF4B-00C04F79EFBC}") = "WebServerLib", "WebServerLib\WebServerLib.csproj", "{CCC15B42-7EF2-4602-9BB2-960413989A17}"
EndProject
Project("{FAE04EC0-301F-11D3-BF4B-00C04F79EFBC}") = "Server", "Server\Server.csproj", "{094DF09B-D84B-42E7-A4AC-3635C2279FB6}"
EndProject
Global
	GlobalSection(SolutionConfigurationPlatforms) = preSolution
		Debug|Any CPU = Debug|Any CPU
		Release|Any CPU = Release|Any CPU
	EndGlobalSection
	GlobalSection(ProjectConfigurationPlatforms) = postSolution
		{CCC15B42-7EF2-4602-9BB2-960413989A17}.Debug|Any CPU.ActiveCfg = Debug|Any CPU
		{CCC15B42-7EF2-4602-9BB2-960413989A17}.Debug|Any CPU.Build.0 = Debug|Any CPU
		{CCC15B42-7EF2-4602-9BB2-960413989A17}.Release|Any CPU.ActiveCfg = Release|Any CPU
		{CCC15B42-7EF2-4602-9BB2-960413989A17}.Release|Any CPU.Build.0 = Release|Any CPU
		{094DF09B-D84B-42E7-A4AC-3635C2279FB6}.Debug|Any CPU.ActiveCfg = Debug|Any CPU
		{094DF09B-D84B-42E7-A4AC-3635C2279FB6}.Debug|Any CPU.Build.0 = Debug|Any CPU
		{094DF09B-D84B-42E7-A4AC-3635C2279FB6}.Release|Any CPU.ActiveCfg = Release|Any CPU
		{094DF09B-D84B-42E7-A4AC-3635C2279FB6}.Release|Any CPU.Build.0 = Release|Any CPU
	EndGlobalSection
	GlobalSection(SolutionProperties) = preSolution
		HideSolutionNode = FALSE
	EndGlobalSection
	GlobalSection(ExtensibilityGlobals) = postSolution
		SolutionGuid = {822DCB9F-8E9C-4DDE-AC09-711A461DD76E}
	EndGlobalSection
EndGlobal
